
Microsoft Visual Studio Solution File, Format Version 12.00
# Visual Studio Version 16
VisualStudioVersion = 16.0.31205.134
MinimumVisualStudioVersion = 10.0.40219.1
Project("{9A19103F-16F7-4668-BE54-9A1E7A4F7556}") = "TerrariaLauncher.Services.TradingSystem", "TerrariaLauncher.Services.TradingSystem.csproj", "{D1A36AF2-F33D-40F1-B855-15D071A12653}"
EndProject
Project("{9A19103F-16F7-4668-BE54-9A1E7A4F7556}") = "TerrariaLauncher.Commons", "..\TerrariaLauncher.Commons\TerrariaLauncher.Commons.csproj", "{7F2CB81C-2763-4CF3-AA78-D40105EE7C17}"
EndProject
Project("{9A19103F-16F7-4668-BE54-9A1E7A4F7556}") = "TerrariaLauncher.Commons.Base", "..\TerrariaLauncher.Commons.Base\TerrariaLauncher.Commons.Base.csproj", "{6CD3A3E0-BF5C-4957-97FC-0A98B2DEA965}"
EndProject
Global
	GlobalSection(SolutionConfigurationPlatforms) = preSolution
		Debug|Any CPU = Debug|Any CPU
		Release|Any CPU = Release|Any CPU
	EndGlobalSection
	GlobalSection(ProjectConfigurationPlatforms) = postSolution
		{D1A36AF2-F33D-40F1-B855-15D071A12653}.Debug|Any CPU.ActiveCfg = Debug|Any CPU
		{D1A36AF2-F33D-40F1-B855-15D071A12653}.Debug|Any CPU.Build.0 = Debug|Any CPU
		{D1A36AF2-F33D-40F1-B855-15D071A12653}.Release|Any CPU.ActiveCfg = Release|Any CPU
		{D1A36AF2-F33D-40F1-B855-15D071A12653}.Release|Any CPU.Build.0 = Release|Any CPU
		{7F2CB81C-2763-4CF3-AA78-D40105EE7C17}.Debug|Any CPU.ActiveCfg = Debug|Any CPU
		{7F2CB81C-2763-4CF3-AA78-D40105EE7C17}.Debug|Any CPU.Build.0 = Debug|Any CPU
		{7F2CB81C-2763-4CF3-AA78-D40105EE7C17}.Release|Any CPU.ActiveCfg = Release|Any CPU
		{7F2CB81C-2763-4CF3-AA78-D40105EE7C17}.Release|Any CPU.Build.0 = Release|Any CPU
		{6CD3A3E0-BF5C-4957-97FC-0A98B2DEA965}.Debug|Any CPU.ActiveCfg = Debug|Any CPU
		{6CD3A3E0-BF5C-4957-97FC-0A98B2DEA965}.Debug|Any CPU.Build.0 = Debug|Any CPU
		{6CD3A3E0-BF5C-4957-97FC-0A98B2DEA965}.Release|Any CPU.ActiveCfg = Release|Any CPU
		{6CD3A3E0-BF5C-4957-97FC-0A98B2DEA965}.Release|Any CPU.Build.0 = Release|Any CPU
	EndGlobalSection
	GlobalSection(SolutionProperties) = preSolution
		HideSolutionNode = FALSE
	EndGlobalSection
	GlobalSection(ExtensibilityGlobals) = postSolution
		SolutionGuid = {77AF42AF-204A-4C3A-A5CE-841AE7A73A16}
	EndGlobalSection
EndGlobal
